
Microsoft Visual Studio Solution File, Format Version 12.00
# Visual Studio Version 17
VisualStudioVersion = 17.6.33829.357
MinimumVisualStudioVersion = 10.0.40219.1
Project("{FAE04EC0-301F-11D3-BF4B-00C04F79EFBC}") = "google-smoketest-automated", "smoketest-automated\google-smoketest-automated.csproj", "{D43A9ADA-7EC6-4CCC-B78B-2DAFA052865F}"
EndProject
Project("{FAE04EC0-301F-11D3-BF4B-00C04F79EFBC}") = "login-automated", "login-automated\login-automated.csproj", "{3A017201-DC07-4BF2-B220-B685A14B1114}"
EndProject
Global
	GlobalSection(SolutionConfigurationPlatforms) = preSolution
		Debug|Any CPU = Debug|Any CPU
		Release|Any CPU = Release|Any CPU
	EndGlobalSection
	GlobalSection(ProjectConfigurationPlatforms) = postSolution
		{D43A9ADA-7EC6-4CCC-B78B-2DAFA052865F}.Debug|Any CPU.ActiveCfg = Debug|Any CPU
		{D43A9ADA-7EC6-4CCC-B78B-2DAFA052865F}.Debug|Any CPU.Build.0 = Debug|Any CPU
		{D43A9ADA-7EC6-4CCC-B78B-2DAFA052865F}.Release|Any CPU.ActiveCfg = Release|Any CPU
		{D43A9ADA-7EC6-4CCC-B78B-2DAFA052865F}.Release|Any CPU.Build.0 = Release|Any CPU
		{3A017201-DC07-4BF2-B220-B685A14B1114}.Debug|Any CPU.ActiveCfg = Debug|Any CPU
		{3A017201-DC07-4BF2-B220-B685A14B1114}.Debug|Any CPU.Build.0 = Debug|Any CPU
		{3A017201-DC07-4BF2-B220-B685A14B1114}.Release|Any CPU.ActiveCfg = Release|Any CPU
		{3A017201-DC07-4BF2-B220-B685A14B1114}.Release|Any CPU.Build.0 = Release|Any CPU
	EndGlobalSection
	GlobalSection(SolutionProperties) = preSolution
		HideSolutionNode = FALSE
	EndGlobalSection
	GlobalSection(ExtensibilityGlobals) = postSolution
		SolutionGuid = {C3F70E4F-D71B-46F7-B79D-D2FF40896B44}
	EndGlobalSection
EndGlobal
